
Microsoft Visual Studio Solution File, Format Version 12.00
# Visual Studio Version 17
VisualStudioVersion = 17.7.34018.315
MinimumVisualStudioVersion = 10.0.40219.1
Project("{FAE04EC0-301F-11D3-BF4B-00C04F79EFBC}") = "Bovinos", "Bovinos.csproj", "{D31DE211-F76D-4994-9313-788199E36905}"
EndProject
Global
	GlobalSection(SolutionConfigurationPlatforms) = preSolution
		Debug|Any CPU = Debug|Any CPU
		Release|Any CPU = Release|Any CPU
	EndGlobalSection
	GlobalSection(ProjectConfigurationPlatforms) = postSolution
		{D31DE211-F76D-4994-9313-788199E36905}.Debug|Any CPU.ActiveCfg = Debug|Any CPU
		{D31DE211-F76D-4994-9313-788199E36905}.Debug|Any CPU.Build.0 = Debug|Any CPU
		{D31DE211-F76D-4994-9313-788199E36905}.Release|Any CPU.ActiveCfg = Release|Any CPU
		{D31DE211-F76D-4994-9313-788199E36905}.Release|Any CPU.Build.0 = Release|Any CPU
	EndGlobalSection
	GlobalSection(SolutionProperties) = preSolution
		HideSolutionNode = FALSE
	EndGlobalSection
	GlobalSection(ExtensibilityGlobals) = postSolution
		SolutionGuid = {3D96FCB6-C1BE-4C1A-AAC2-D75F0BD9DB85}
	EndGlobalSection
EndGlobal
